github.com/Bachtiar-Firdaus/belajar-golang-modules v1.0.0 h1:kNaoKBNqaYBsQgXHcPGf5Jlv2K3MCkif/DgkqLX42YA=
github.com/Bachtiar-Firdaus/belajar-golang-modules v1.0.0/go.mod h1:Wn+wypfH0EqpyzSq3dFFHg9Fc3gzctdBIiHAYHEm4tA=
github.com/Bachtiar-Firdaus/belajar-golang-modules v1.5.1 h1:2cxXDBBNQpAJ9NnsFnTKjp9VwnwHIIZgTJPHzRjnlVA=
github.com/Bachtiar-Firdaus/belajar-golang-modules v1.5.1/go.mod h1:Wn+wypfH0EqpyzSq3dFFHg9Fc3gzctdBIiHAYHEm4tA=
github.com/Bachtiar-Firdaus/belajar-golang-modules/v2 v2.0.0 h1:QUmDPEQ3kAqvd4niSNphkKJj+pZRxaMXQwaDy4gIMj0=
github.com/Bachtiar-Firdaus/belajar-golang-modules/v2 v2.0.0/go.mod h1:o/nDnEiK77M94AAo4tXKgNUhuGgf56tESXeeBKnjgBs=
